
Microsoft Visual Studio Solution File, Format Version 12.00
# Visual Studio 15
VisualStudioVersion = 15.0.28307.329
MinimumVisualStudioVersion = 10.0.40219.1
Project("{FAE04EC0-301F-11D3-BF4B-00C04F79EFBC}") = "VuelingPoo", "VuelingPoo\VuelingPoo.csproj", "{5206963D-2B21-407F-A64A-32F20E2DECCF}"
EndProject
Project("{FAE04EC0-301F-11D3-BF4B-00C04F79EFBC}") = "VuelingPooIntegration.Tests", "VuelingPooIntegrationTests\VuelingPooIntegration.Tests.csproj", "{63A68FBB-AC9E-42A0-935A-16FCF1A4FDA3}"
EndProject
Project("{FAE04EC0-301F-11D3-BF4B-00C04F79EFBC}") = "PooVueling.NUnitV.Integration.Tests", "PooVueling.NUnitV.Integration.Tests\PooVueling.NUnitV.Integration.Tests.csproj", "{EC8A7865-301F-4CFA-819C-708F1562163F}"
EndProject
Project("{FAE04EC0-301F-11D3-BF4B-00C04F79EFBC}") = "VuelingPooUnitTests", "VuelingPooUnitTests\VuelingPooUnitTests.csproj", "{5504A514-B205-42F7-ABDE-DA5BEE809FFA}"
EndProject
Project("{FAE04EC0-301F-11D3-BF4B-00C04F79EFBC}") = "VuelingPoo.Behaviour.Tests", "VuelingPoo.Behaviour.Tests\VuelingPoo.Behaviour.Tests.csproj", "{ACF610CD-1DDC-42AB-B531-C0F4763CE18E}"
EndProject
Global
	GlobalSection(SolutionConfigurationPlatforms) = preSolution
		Debug|Any CPU = Debug|Any CPU
		Debug|ARM = Debug|ARM
		Debug|ARM64 = Debug|ARM64
		Debug|x64 = Debug|x64
		Debug|x86 = Debug|x86
		Release|Any CPU = Release|Any CPU
		Release|ARM = Release|ARM
		Release|ARM64 = Release|ARM64
		Release|x64 = Release|x64
		Release|x86 = Release|x86
	EndGlobalSection
	GlobalSection(ProjectConfigurationPlatforms) = postSolution
		{5206963D-2B21-407F-A64A-32F20E2DECCF}.Debug|Any CPU.ActiveCfg = Debug|Any CPU
		{5206963D-2B21-407F-A64A-32F20E2DECCF}.Debug|Any CPU.Build.0 = Debug|Any CPU
		{5206963D-2B21-407F-A64A-32F20E2DECCF}.Debug|ARM.ActiveCfg = Debug|Any CPU
		{5206963D-2B21-407F-A64A-32F20E2DECCF}.Debug|ARM.Build.0 = Debug|Any CPU
		{5206963D-2B21-407F-A64A-32F20E2DECCF}.Debug|ARM64.ActiveCfg = Debug|Any CPU
		{5206963D-2B21-407F-A64A-32F20E2DECCF}.Debug|ARM64.Build.0 = Debug|Any CPU
		{5206963D-2B21-407F-A64A-32F20E2DECCF}.Debug|x64.ActiveCfg = Debug|Any CPU
		{5206963D-2B21-407F-A64A-32F20E2DECCF}.Debug|x64.Build.0 = Debug|Any CPU
		{5206963D-2B21-407F-A64A-32F20E2DECCF}.Debug|x86.ActiveCfg = Debug|Any CPU
		{5206963D-2B21-407F-A64A-32F20E2DECCF}.Debug|x86.Build.0 = Debug|Any CPU
		{5206963D-2B21-407F-A64A-32F20E2DECCF}.Release|Any CPU.ActiveCfg = Release|Any CPU
		{5206963D-2B21-407F-A64A-32F20E2DECCF}.Release|Any CPU.Build.0 = Release|Any CPU
		{5206963D-2B21-407F-A64A-32F20E2DECCF}.Release|ARM.ActiveCfg = Release|Any CPU
		{5206963D-2B21-407F-A64A-32F20E2DECCF}.Release|ARM.Build.0 = Release|Any CPU
		{5206963D-2B21-407F-A64A-32F20E2DECCF}.Release|ARM64.ActiveCfg = Release|Any CPU
		{5206963D-2B21-407F-A64A-32F20E2DECCF}.Release|ARM64.Build.0 = Release|Any CPU
		{5206963D-2B21-407F-A64A-32F20E2DECCF}.Release|x64.ActiveCfg = Release|Any CPU
		{5206963D-2B21-407F-A64A-32F20E2DECCF}.Release|x64.Build.0 = Release|Any CPU
		{5206963D-2B21-407F-A64A-32F20E2DECCF}.Release|x86.ActiveCfg = Release|Any CPU
		{5206963D-2B21-407F-A64A-32F20E2DECCF}.Release|x86.Build.0 = Release|Any CPU
		{63A68FBB-AC9E-42A0-935A-16FCF1A4FDA3}.Debug|Any CPU.ActiveCfg = Debug|Any CPU
		{63A68FBB-AC9E-42A0-935A-16FCF1A4FDA3}.Debug|Any CPU.Build.0 = Debug|Any CPU
		{63A68FBB-AC9E-42A0-935A-16FCF1A4FDA3}.Debug|ARM.ActiveCfg = Debug|Any CPU
		{63A68FBB-AC9E-42A0-935A-16FCF1A4FDA3}.Debug|ARM.Build.0 = Debug|Any CPU
		{63A68FBB-AC9E-42A0-935A-16FCF1A4FDA3}.Debug|ARM64.ActiveCfg = Debug|Any CPU
		{63A68FBB-AC9E-42A0-935A-16FCF1A4FDA3}.Debug|ARM64.Build.0 = Debug|Any CPU
		{63A68FBB-AC9E-42A0-935A-16FCF1A4FDA3}.Debug|x64.ActiveCfg = Debug|Any CPU
		{63A68FBB-AC9E-42A0-935A-16FCF1A4FDA3}.Debug|x64.Build.0 = Debug|Any CPU
		{63A68FBB-AC9E-42A0-935A-16FCF1A4FDA3}.Debug|x86.ActiveCfg = Debug|Any CPU
		{63A68FBB-AC9E-42A0-935A-16FCF1A4FDA3}.Debug|x86.Build.0 = Debug|Any CPU
		{63A68FBB-AC9E-42A0-935A-16FCF1A4FDA3}.Release|Any CPU.ActiveCfg = Release|Any CPU
		{63A68FBB-AC9E-42A0-935A-16FCF1A4FDA3}.Release|Any CPU.Build.0 = Release|Any CPU
		{63A68FBB-AC9E-42A0-935A-16FCF1A4FDA3}.Release|ARM.ActiveCfg = Release|Any CPU
		{63A68FBB-AC9E-42A0-935A-16FCF1A4FDA3}.Release|ARM.Build.0 = Release|Any CPU
		{63A68FBB-AC9E-42A0-935A-16FCF1A4FDA3}.Release|ARM64.ActiveCfg = Release|Any CPU
		{63A68FBB-AC9E-42A0-935A-16FCF1A4FDA3}.Release|ARM64.Build.0 = Release|Any CPU
		{63A68FBB-AC9E-42A0-935A-16FCF1A4FDA3}.Release|x64.ActiveCfg = Release|Any CPU
		{63A68FBB-AC9E-42A0-935A-16FCF1A4FDA3}.Release|x64.Build.0 = Release|Any CPU
		{63A68FBB-AC9E-42A0-935A-16FCF1A4FDA3}.Release|x86.ActiveCfg = Release|Any CPU
		{63A68FBB-AC9E-42A0-935A-16FCF1A4FDA3}.Release|x86.Build.0 = Release|Any CPU
		{EC8A7865-301F-4CFA-819C-708F1562163F}.Debug|Any CPU.ActiveCfg = Debug|Any CPU
		{EC8A7865-301F-4CFA-819C-708F1562163F}.Debug|Any CPU.Build.0 = Debug|Any CPU
		{EC8A7865-301F-4CFA-819C-708F1562163F}.Debug|ARM.ActiveCfg = Debug|Any CPU
		{EC8A7865-301F-4CFA-819C-708F1562163F}.Debug|ARM.Build.0 = Debug|Any CPU
		{EC8A7865-301F-4CFA-819C-708F1562163F}.Debug|ARM64.ActiveCfg = Debug|Any CPU
		{EC8A7865-301F-4CFA-819C-708F1562163F}.Debug|ARM64.Build.0 = Debug|Any CPU
		{EC8A7865-301F-4CFA-819C-708F1562163F}.Debug|x64.ActiveCfg = Debug|Any CPU
		{EC8A7865-301F-4CFA-819C-708F1562163F}.Debug|x64.Build.0 = Debug|Any CPU
		{EC8A7865-301F-4CFA-819C-708F1562163F}.Debug|x86.ActiveCfg = Debug|Any CPU
		{EC8A7865-301F-4CFA-819C-708F1562163F}.Debug|x86.Build.0 = Debug|Any CPU
		{EC8A7865-301F-4CFA-819C-708F1562163F}.Release|Any CPU.ActiveCfg = Release|Any CPU
		{EC8A7865-301F-4CFA-819C-708F1562163F}.Release|Any CPU.Build.0 = Release|Any CPU
		{EC8A7865-301F-4CFA-819C-708F1562163F}.Release|ARM.ActiveCfg = Release|Any CPU
		{EC8A7865-301F-4CFA-819C-708F1562163F}.Release|ARM.Build.0 = Release|Any CPU
		{EC8A7865-301F-4CFA-819C-708F1562163F}.Release|ARM64.ActiveCfg = Release|Any CPU
		{EC8A7865-301F-4CFA-819C-708F1562163F}.Release|ARM64.Build.0 = Release|Any CPU
		{EC8A7865-301F-4CFA-819C-708F1562163F}.Release|x64.ActiveCfg = Release|Any CPU
		{EC8A7865-301F-4CFA-819C-708F1562163F}.Release|x64.Build.0 = Release|Any CPU
		{EC8A7865-301F-4CFA-819C-708F1562163F}.Release|x86.ActiveCfg = Release|Any CPU
		{EC8A7865-301F-4CFA-819C-708F1562163F}.Release|x86.Build.0 = Release|Any CPU
		{5504A514-B205-42F7-ABDE-DA5BEE809FFA}.Debug|Any CPU.ActiveCfg = Debug|Any CPU
		{5504A514-B205-42F7-ABDE-DA5BEE809FFA}.Debug|Any CPU.Build.0 = Debug|Any CPU
		{5504A514-B205-42F7-ABDE-DA5BEE809FFA}.Debug|ARM.ActiveCfg = Debug|Any CPU
		{5504A514-B205-42F7-ABDE-DA5BEE809FFA}.Debug|ARM.Build.0 = Debug|Any CPU
		{5504A514-B205-42F7-ABDE-DA5BEE809FFA}.Debug|ARM64.ActiveCfg = Debug|Any CPU
		{5504A514-B205-42F7-ABDE-DA5BEE809FFA}.Debug|ARM64.Build.0 = Debug|Any CPU
		{5504A514-B205-42F7-ABDE-DA5BEE809FFA}.Debug|x64.ActiveCfg = Debug|Any CPU
		{5504A514-B205-42F7-ABDE-DA5BEE809FFA}.Debug|x64.Build.0 = Debug|Any CPU
		{5504A514-B205-42F7-ABDE-DA5BEE809FFA}.Debug|x86.ActiveCfg = Debug|Any CPU
		{5504A514-B205-42F7-ABDE-DA5BEE809FFA}.Debug|x86.Build.0 = Debug|Any CPU
		{5504A514-B205-42F7-ABDE-DA5BEE809FFA}.Release|Any CPU.ActiveCfg = Release|Any CPU
		{5504A514-B205-42F7-ABDE-DA5BEE809FFA}.Release|Any CPU.Build.0 = Release|Any CPU
		{5504A514-B205-42F7-ABDE-DA5BEE809FFA}.Release|ARM.ActiveCfg = Release|Any CPU
		{5504A514-B205-42F7-ABDE-DA5BEE809FFA}.Release|ARM.Build.0 = Release|Any CPU
		{5504A514-B205-42F7-ABDE-DA5BEE809FFA}.Release|ARM64.ActiveCfg = Release|Any CPU
		{5504A514-B205-42F7-ABDE-DA5BEE809FFA}.Release|ARM64.Build.0 = Release|Any CPU
		{5504A514-B205-42F7-ABDE-DA5BEE809FFA}.Release|x64.ActiveCfg = Release|Any CPU
		{5504A514-B205-42F7-ABDE-DA5BEE809FFA}.Release|x64.Build.0 = Release|Any CPU
		{5504A514-B205-42F7-ABDE-DA5BEE809FFA}.Release|x86.ActiveCfg = Release|Any CPU
		{5504A514-B205-42F7-ABDE-DA5BEE809FFA}.Release|x86.Build.0 = Release|Any CPU
		{ACF610CD-1DDC-42AB-B531-C0F4763CE18E}.Debug|Any CPU.ActiveCfg = Debug|Any CPU
		{ACF610CD-1DDC-42AB-B531-C0F4763CE18E}.Debug|Any CPU.Build.0 = Debug|Any CPU
		{ACF610CD-1DDC-42AB-B531-C0F4763CE18E}.Debug|ARM.ActiveCfg = Debug|Any CPU
		{ACF610CD-1DDC-42AB-B531-C0F4763CE18E}.Debug|ARM.Build.0 = Debug|Any CPU
		{ACF610CD-1DDC-42AB-B531-C0F4763CE18E}.Debug|ARM64.ActiveCfg = Debug|Any CPU
		{ACF610CD-1DDC-42AB-B531-C0F4763CE18E}.Debug|ARM64.Build.0 = Debug|Any CPU
		{ACF610CD-1DDC-42AB-B531-C0F4763CE18E}.Debug|x64.ActiveCfg = Debug|Any CPU
		{ACF610CD-1DDC-42AB-B531-C0F4763CE18E}.Debug|x64.Build.0 = Debug|Any CPU
		{ACF610CD-1DDC-42AB-B531-C0F4763CE18E}.Debug|x86.ActiveCfg = Debug|Any CPU
		{ACF610CD-1DDC-42AB-B531-C0F4763CE18E}.Debug|x86.Build.0 = Debug|Any CPU
		{ACF610CD-1DDC-42AB-B531-C0F4763CE18E}.Release|Any CPU.ActiveCfg = Release|Any CPU
		{ACF610CD-1DDC-42AB-B531-C0F4763CE18E}.Release|Any CPU.Build.0 = Release|Any CPU
		{ACF610CD-1DDC-42AB-B531-C0F4763CE18E}.Release|ARM.ActiveCfg = Release|Any CPU
		{ACF610CD-1DDC-42AB-B531-C0F4763CE18E}.Release|ARM.Build.0 = Release|Any CPU
		{ACF610CD-1DDC-42AB-B531-C0F4763CE18E}.Release|ARM64.ActiveCfg = Release|Any CPU
		{ACF610CD-1DDC-42AB-B531-C0F4763CE18E}.Release|ARM64.Build.0 = Release|Any CPU
		{ACF610CD-1DDC-42AB-B531-C0F4763CE18E}.Release|x64.ActiveCfg = Release|Any CPU
		{ACF610CD-1DDC-42AB-B531-C0F4763CE18E}.Release|x64.Build.0 = Release|Any CPU
		{ACF610CD-1DDC-42AB-B531-C0F4763CE18E}.Release|x86.ActiveCfg = Release|Any CPU
		{ACF610CD-1DDC-42AB-B531-C0F4763CE18E}.Release|x86.Build.0 = Release|Any CPU
	EndGlobalSection
	GlobalSection(SolutionProperties) = preSolution
		HideSolutionNode = FALSE
	EndGlobalSection
	GlobalSection(ExtensibilityGlobals) = postSolution
		SolutionGuid = {1C173619-8D3E-44F6-9459-1632FC3ACB60}
	EndGlobalSection
EndGlobal
